{
    "_readme": [
        "This file locks the dependencies of your project to a known state",
        "Read more about it at https://getcomposer.org/doc/01-basic-usage.md#composer-lock-the-lock-file",
        "This file is @generated automatically"
    ],
    "hash": "dba3cb16c4059bcb755c785a0e76e957",
    "content-hash": "85fb52b1677ba5da5b920098f664b6e1",
    "packages": [
        {
            "name": "cloudinary/cloudinary_php",
            "version": "dev-master",
            "source": {
                "type": "git",
                "url": "https://github.com/cloudinary/cloudinary_php.git",
                "reference": "94582b6bc7d6c5b97f9aae441d7d25e6fd93ef76"
            },
            "dist": {
                "type": "zip",
                "url": "https://api.github.com/repos/cloudinary/cloudinary_php/zipball/94582b6bc7d6c5b97f9aae441d7d25e6fd93ef76",
                "reference": "94582b6bc7d6c5b97f9aae441d7d25e6fd93ef76",
                "shasum": ""
            },
            "require": {
                "ext-curl": "*",
                "ext-json": "*",
                "php": ">=5.3.0"
            },
            "require-dev": {
                "phpunit/phpunit": "4.7.*"
            },
            "type": "library",
            "autoload": {
                "classmap": [
                    "src"
                ],
                "files": [
                    "src/Helpers.php"
                ]
            },
            "notification-url": "https://packagist.org/downloads/",
            "license": [
                "MIT"
            ],
            "authors": [
                {
                    "name": "Cloudinary",
                    "homepage": "https://github.com/cloudinary/cloudinary_php/graphs/contributors"
                }
            ],
            "description": "Cloudinary PHP SDK",
            "homepage": "https://github.com/cloudinary/cloudinary_php",
            "keywords": [
                "cdn",
                "cloud",
                "cloudinary",
                "image management",
                "sdk"
            ],
            "time": "2016-03-22 14:54:00"
        },
        {
            "name": "stripe/stripe-php",
            "version": "v3.11.0",
            "source": {
                "type": "git",
                "url": "https://github.com/stripe/stripe-php.git",
                "reference": "830879e7984f22a9ed9085d674e5f8d5c4512fc6"
            },
            "dist": {
                "type": "zip",
                "url": "https://api.github.com/repos/stripe/stripe-php/zipball/830879e7984f22a9ed9085d674e5f8d5c4512fc6",
                "reference": "830879e7984f22a9ed9085d674e5f8d5c4512fc6",
                "shasum": ""
            },
            "require": {
                "ext-curl": "*",
                "ext-json": "*",
                "ext-mbstring": "*",
                "php": ">=5.3.3"
            },
            "require-dev": {
                "phpunit/phpunit": "~4.0",
                "satooshi/php-coveralls": "~0.6.1",
                "squizlabs/php_codesniffer": "~2.0"
            },
            "type": "library",
            "extra": {
                "branch-alias": {
                    "dev-master": "2.0-dev"
                }
            },
            "autoload": {
                "psr-4": {
                    "Stripe\\": "lib/"
                }
            },
            "notification-url": "https://packagist.org/downloads/",
            "license": [
                "MIT"
            ],
            "authors": [
                {
                    "name": "Stripe and contributors",
                    "homepage": "https://github.com/stripe/stripe-php/contributors"
                }
            ],
            "description": "Stripe PHP Library",
            "homepage": "https://stripe.com/",
            "keywords": [
                "api",
                "payment processing",
                "stripe"
            ],
            "time": "2016-03-22 20:40:11"
        }
    ],
    "packages-dev": [],
    "aliases": [],
    "minimum-stability": "stable",
    "stability-flags": {
        "cloudinary/cloudinary_php": 20
    },
    "prefer-stable": false,
    "prefer-lowest": false,
    "platform": [],
    "platform-dev": []
}
